
Microsoft Visual Studio Solution File, Format Version 12.00
# Visual Studio Version 16
VisualStudioVersion = 16.0.31205.134
MinimumVisualStudioVersion = 10.0.40219.1
Project("{D954291E-2A0B-460D-934E-DC6B0785DB48}") = "POSUNO.Shared", "POSUNO\POSUNO.Shared\POSUNO.Shared.shproj", "{6279C845-92F8-4333-AB99-3D213163593C}"
EndProject
Project("{2150E333-8FDC-42A3-9474-1A3956D46DE8}") = "Platforms", "Platforms", "{09BC0C2F-EB34-4B14-8E9A-87C78F20AE53}"
EndProject
Project("{FAE04EC0-301F-11D3-BF4B-00C04F79EFBC}") = "POSUNO.Droid", "POSUNO\POSUNO.Droid\POSUNO.Droid.csproj", "{A944DE24-5379-4A98-B137-7D7E5ED2BF5F}"
EndProject
Project("{FAE04EC0-301F-11D3-BF4B-00C04F79EFBC}") = "POSUNO.iOS", "POSUNO\POSUNO.iOS\POSUNO.iOS.csproj", "{68F74DDF-3A46-468A-B9C3-5003624FB3F7}"
EndProject
Project("{FAE04EC0-301F-11D3-BF4B-00C04F79EFBC}") = "POSUNO.UWP", "POSUNO\POSUNO.UWP\POSUNO.UWP.csproj", "{C5AB9B44-5488-4A26-A733-A8521BBA95EB}"
EndProject
Project("{9A19103F-16F7-4668-BE54-9A1E7A4F7556}") = "POSUNO.Wasm", "POSUNO\POSUNO.Wasm\POSUNO.Wasm.csproj", "{D7C3F1D1-C6A5-409C-BBA7-5579B925FC7B}"
EndProject
Project("{FAE04EC0-301F-11D3-BF4B-00C04F79EFBC}") = "POSUNO.macOS", "POSUNO\POSUNO.macOS\POSUNO.macOS.csproj", "{1F765165-83DB-44E8-B924-40DF3071AF0B}"
EndProject
Project("{9A19103F-16F7-4668-BE54-9A1E7A4F7556}") = "POSUNO.Skia.Wpf.Host", "POSUNO\POSUNO.Skia.Wpf.Host\POSUNO.Skia.Wpf.Host.csproj", "{87E2ED4C-EB4E-40B7-8D41-CF25EE410F26}"
EndProject
Project("{9A19103F-16F7-4668-BE54-9A1E7A4F7556}") = "POSUNO.Skia.Wpf", "POSUNO\POSUNO.Skia.Wpf\POSUNO.Skia.Wpf.csproj", "{6A6F61E3-4B25-4967-82FC-2239F3B80A0E}"
EndProject
Project("{9A19103F-16F7-4668-BE54-9A1E7A4F7556}") = "POSUNO.Skia.Gtk", "POSUNO\POSUNO.Skia.Gtk\POSUNO.Skia.Gtk.csproj", "{793FFFF1-A617-457C-B8DF-D18EB26F1312}"
EndProject
Project("{9A19103F-16F7-4668-BE54-9A1E7A4F7556}") = "POSUNO.Skia.Tizen", "POSUNO\POSUNO.Skia.Tizen\POSUNO.Skia.Tizen.csproj", "{354AC6AC-AFD5-49D3-B022-976D7B1EBCD2}"
EndProject
Project("{FAE04EC0-301F-11D3-BF4B-00C04F79EFBC}") = "POSUNO.Api", "POSUNO.Api\POSUNO.Api.csproj", "{FA975984-C8B9-44FD-929F-F264D4E333D8}"
EndProject
Global
	GlobalSection(SharedMSBuildProjectFiles) = preSolution
		POSUNO\POSUNO.Shared\POSUNO.Shared.projitems*{1f765165-83db-44e8-b924-40df3071af0b}*SharedItemsImports = 4
		POSUNO\POSUNO.Shared\POSUNO.Shared.projitems*{354ac6ac-afd5-49d3-b022-976d7b1ebcd2}*SharedItemsImports = 5
		POSUNO\POSUNO.Shared\POSUNO.Shared.projitems*{6279c845-92f8-4333-ab99-3d213163593c}*SharedItemsImports = 13
		POSUNO\POSUNO.Shared\POSUNO.Shared.projitems*{68f74ddf-3a46-468a-b9c3-5003624fb3f7}*SharedItemsImports = 4
		POSUNO\POSUNO.Shared\POSUNO.Shared.projitems*{6a6f61e3-4b25-4967-82fc-2239f3b80a0e}*SharedItemsImports = 5
		POSUNO\POSUNO.Shared\POSUNO.Shared.projitems*{793ffff1-a617-457c-b8df-d18eb26f1312}*SharedItemsImports = 5
		POSUNO\POSUNO.Shared\POSUNO.Shared.projitems*{a944de24-5379-4a98-b137-7d7e5ed2bf5f}*SharedItemsImports = 4
		POSUNO\POSUNO.Shared\POSUNO.Shared.projitems*{c5ab9b44-5488-4a26-a733-a8521bba95eb}*SharedItemsImports = 4
		POSUNO\POSUNO.Shared\POSUNO.Shared.projitems*{d7c3f1d1-c6a5-409c-bba7-5579b925fc7b}*SharedItemsImports = 5
	EndGlobalSection
	GlobalSection(SolutionConfigurationPlatforms) = preSolution
		Ad-Hoc|Any CPU = Ad-Hoc|Any CPU
		Ad-Hoc|ARM = Ad-Hoc|ARM
		Ad-Hoc|ARM64 = Ad-Hoc|ARM64
		Ad-Hoc|iPhone = Ad-Hoc|iPhone
		Ad-Hoc|iPhoneSimulator = Ad-Hoc|iPhoneSimulator
		Ad-Hoc|x64 = Ad-Hoc|x64
		Ad-Hoc|x86 = Ad-Hoc|x86
		AppStore|Any CPU = AppStore|Any CPU
		AppStore|ARM = AppStore|ARM
		AppStore|ARM64 = AppStore|ARM64
		AppStore|iPhone = AppStore|iPhone
		AppStore|iPhoneSimulator = AppStore|iPhoneSimulator
		AppStore|x64 = AppStore|x64
		AppStore|x86 = AppStore|x86
		Debug|Any CPU = Debug|Any CPU
		Debug|ARM = Debug|ARM
		Debug|ARM64 = Debug|ARM64
		Debug|iPhone = Debug|iPhone
		Debug|iPhoneSimulator = Debug|iPhoneSimulator
		Debug|x64 = Debug|x64
		Debug|x86 = Debug|x86
		Release|Any CPU = Release|Any CPU
		Release|ARM = Release|ARM
		Release|ARM64 = Release|ARM64
		Release|iPhone = Release|iPhone
		Release|iPhoneSimulator = Release|iPhoneSimulator
		Release|x64 = Release|x64
		Release|x86 = Release|x86
	EndGlobalSection
	GlobalSection(ProjectConfigurationPlatforms) = postSolution
		{A944DE24-5379-4A98-B137-7D7E5ED2BF5F}.Ad-Hoc|Any CPU.ActiveCfg = Debug|Any CPU
		{A944DE24-5379-4A98-B137-7D7E5ED2BF5F}.Ad-Hoc|Any CPU.Build.0 = Debug|Any CPU
		{A944DE24-5379-4A98-B137-7D7E5ED2BF5F}.Ad-Hoc|Any CPU.Deploy.0 = Debug|Any CPU
		{A944DE24-5379-4A98-B137-7D7E5ED2BF5F}.Ad-Hoc|ARM.ActiveCfg = Debug|Any CPU
		{A944DE24-5379-4A98-B137-7D7E5ED2BF5F}.Ad-Hoc|ARM.Build.0 = Debug|Any CPU
		{A944DE24-5379-4A98-B137-7D7E5ED2BF5F}.Ad-Hoc|ARM.Deploy.0 = Debug|Any CPU
		{A944DE24-5379-4A98-B137-7D7E5ED2BF5F}.Ad-Hoc|ARM64.ActiveCfg = Debug|Any CPU
		{A944DE24-5379-4A98-B137-7D7E5ED2BF5F}.Ad-Hoc|ARM64.Build.0 = Debug|Any CPU
		{A944DE24-5379-4A98-B137-7D7E5ED2BF5F}.Ad-Hoc|ARM64.Deploy.0 = Debug|Any CPU
		{A944DE24-5379-4A98-B137-7D7E5ED2BF5F}.Ad-Hoc|iPhone.ActiveCfg = Debug|Any CPU
		{A944DE24-5379-4A98-B137-7D7E5ED2BF5F}.Ad-Hoc|iPhone.Build.0 = Debug|Any CPU
		{A944DE24-5379-4A98-B137-7D7E5ED2BF5F}.Ad-Hoc|iPhone.Deploy.0 = Debug|Any CPU
		{A944DE24-5379-4A98-B137-7D7E5ED2BF5F}.Ad-Hoc|iPhoneSimulator.ActiveCfg = Debug|Any CPU
		{A944DE24-5379-4A98-B137-7D7E5ED2BF5F}.Ad-Hoc|iPhoneSimulator.Build.0 = Debug|Any CPU
		{A944DE24-5379-4A98-B137-7D7E5ED2BF5F}.Ad-Hoc|iPhoneSimulator.Deploy.0 = Debug|Any CPU
		{A944DE24-5379-4A98-B137-7D7E5ED2BF5F}.Ad-Hoc|x64.ActiveCfg = Debug|Any CPU
		{A944DE24-5379-4A98-B137-7D7E5ED2BF5F}.Ad-Hoc|x64.Build.0 = Debug|Any CPU
		{A944DE24-5379-4A98-B137-7D7E5ED2BF5F}.Ad-Hoc|x64.Deploy.0 = Debug|Any CPU
		{A944DE24-5379-4A98-B137-7D7E5ED2BF5F}.Ad-Hoc|x86.ActiveCfg = Debug|Any CPU
		{A944DE24-5379-4A98-B137-7D7E5ED2BF5F}.Ad-Hoc|x86.Build.0 = Debug|Any CPU
		{A944DE24-5379-4A98-B137-7D7E5ED2BF5F}.Ad-Hoc|x86.Deploy.0 = Debug|Any CPU
		{A944DE24-5379-4A98-B137-7D7E5ED2BF5F}.AppStore|Any CPU.ActiveCfg = Debug|Any CPU
		{A944DE24-5379-4A98-B137-7D7E5ED2BF5F}.AppStore|Any CPU.Build.0 = Debug|Any CPU
		{A944DE24-5379-4A98-B137-7D7E5ED2BF5F}.AppStore|Any CPU.Deploy.0 = Debug|Any CPU
		{A944DE24-5379-4A98-B137-7D7E5ED2BF5F}.AppStore|ARM.ActiveCfg = Debug|Any CPU
		{A944DE24-5379-4A98-B137-7D7E5ED2BF5F}.AppStore|ARM.Build.0 = Debug|Any CPU
		{A944DE24-5379-4A98-B137-7D7E5ED2BF5F}.AppStore|ARM.Deploy.0 = Debug|Any CPU
		{A944DE24-5379-4A98-B137-7D7E5ED2BF5F}.AppStore|ARM64.ActiveCfg = Debug|Any CPU
		{A944DE24-5379-4A98-B137-7D7E5ED2BF5F}.AppStore|ARM64.Build.0 = Debug|Any CPU
		{A944DE24-5379-4A98-B137-7D7E5ED2BF5F}.AppStore|ARM64.Deploy.0 = Debug|Any CPU
		{A944DE24-5379-4A98-B137-7D7E5ED2BF5F}.AppStore|iPhone.ActiveCfg = Debug|Any CPU
		{A944DE24-5379-4A98-B137-7D7E5ED2BF5F}.AppStore|iPhone.Build.0 = Debug|Any CPU
		{A944DE24-5379-4A98-B137-7D7E5ED2BF5F}.AppStore|iPhone.Deploy.0 = Debug|Any CPU
		{A944DE24-5379-4A98-B137-7D7E5ED2BF5F}.AppStore|iPhoneSimulator.ActiveCfg = Debug|Any CPU
		{A944DE24-5379-4A98-B137-7D7E5ED2BF5F}.AppStore|iPhoneSimulator.Build.0 = Debug|Any CPU
		{A944DE24-5379-4A98-B137-7D7E5ED2BF5F}.AppStore|iPhoneSimulator.Deploy.0 = Debug|Any CPU
		{A944DE24-5379-4A98-B137-7D7E5ED2BF5F}.AppStore|x64.ActiveCfg = Debug|Any CPU
		{A944DE24-5379-4A98-B137-7D7E5ED2BF5F}.AppStore|x64.Build.0 = Debug|Any CPU
		{A944DE24-5379-4A98-B137-7D7E5ED2BF5F}.AppStore|x64.Deploy.0 = Debug|Any CPU
		{A944DE24-5379-4A98-B137-7D7E5ED2BF5F}.AppStore|x86.ActiveCfg = Debug|Any CPU
		{A944DE24-5379-4A98-B137-7D7E5ED2BF5F}.AppStore|x86.Build.0 = Debug|Any CPU
		{A944DE24-5379-4A98-B137-7D7E5ED2BF5F}.AppStore|x86.Deploy.0 = Debug|Any CPU
		{A944DE24-5379-4A98-B137-7D7E5ED2BF5F}.Debug|Any CPU.ActiveCfg = Debug|Any CPU
		{A944DE24-5379-4A98-B137-7D7E5ED2BF5F}.Debug|Any CPU.Build.0 = Debug|Any CPU
		{A944DE24-5379-4A98-B137-7D7E5ED2BF5F}.Debug|Any CPU.Deploy.0 = Debug|Any CPU
		{A944DE24-5379-4A98-B137-7D7E5ED2BF5F}.Debug|ARM.ActiveCfg = Debug|Any CPU
		{A944DE24-5379-4A98-B137-7D7E5ED2BF5F}.Debug|ARM.Build.0 = Debug|Any CPU
		{A944DE24-5379-4A98-B137-7D7E5ED2BF5F}.Debug|ARM.Deploy.0 = Debug|Any CPU
		{A944DE24-5379-4A98-B137-7D7E5ED2BF5F}.Debug|ARM64.ActiveCfg = Debug|Any CPU
		{A944DE24-5379-4A98-B137-7D7E5ED2BF5F}.Debug|ARM64.Build.0 = Debug|Any CPU
		{A944DE24-5379-4A98-B137-7D7E5ED2BF5F}.Debug|ARM64.Deploy.0 = Debug|Any CPU
		{A944DE24-5379-4A98-B137-7D7E5ED2BF5F}.Debug|iPhone.ActiveCfg = Debug|Any CPU
		{A944DE24-5379-4A98-B137-7D7E5ED2BF5F}.Debug|iPhone.Build.0 = Debug|Any CPU
		{A944DE24-5379-4A98-B137-7D7E5ED2BF5F}.Debug|iPhone.Deploy.0 = Debug|Any CPU
		{A944DE24-5379-4A98-B137-7D7E5ED2BF5F}.Debug|iPhoneSimulator.ActiveCfg = Debug|Any CPU
		{A944DE24-5379-4A98-B137-7D7E5ED2BF5F}.Debug|iPhoneSimulator.Build.0 = Debug|Any CPU
		{A944DE24-5379-4A98-B137-7D7E5ED2BF5F}.Debug|iPhoneSimulator.Deploy.0 = Debug|Any CPU
		{A944DE24-5379-4A98-B137-7D7E5ED2BF5F}.Debug|x64.ActiveCfg = Debug|Any CPU
		{A944DE24-5379-4A98-B137-7D7E5ED2BF5F}.Debug|x64.Build.0 = Debug|Any CPU
		{A944DE24-5379-4A98-B137-7D7E5ED2BF5F}.Debug|x64.Deploy.0 = Debug|Any CPU
		{A944DE24-5379-4A98-B137-7D7E5ED2BF5F}.Debug|x86.ActiveCfg = Debug|Any CPU
		{A944DE24-5379-4A98-B137-7D7E5ED2BF5F}.Debug|x86.Build.0 = Debug|Any CPU
		{A944DE24-5379-4A98-B137-7D7E5ED2BF5F}.Debug|x86.Deploy.0 = Debug|Any CPU
		{A944DE24-5379-4A98-B137-7D7E5ED2BF5F}.Release|Any CPU.ActiveCfg = Release|Any CPU
		{A944DE24-5379-4A98-B137-7D7E5ED2BF5F}.Release|Any CPU.Build.0 = Release|Any CPU
		{A944DE24-5379-4A98-B137-7D7E5ED2BF5F}.Release|Any CPU.Deploy.0 = Release|Any CPU
		{A944DE24-5379-4A98-B137-7D7E5ED2BF5F}.Release|ARM.ActiveCfg = Release|Any CPU
		{A944DE24-5379-4A98-B137-7D7E5ED2BF5F}.Release|ARM.Build.0 = Release|Any CPU
		{A944DE24-5379-4A98-B137-7D7E5ED2BF5F}.Release|ARM.Deploy.0 = Release|Any CPU
		{A944DE24-5379-4A98-B137-7D7E5ED2BF5F}.Release|ARM64.ActiveCfg = Release|Any CPU
		{A944DE24-5379-4A98-B137-7D7E5ED2BF5F}.Release|ARM64.Build.0 = Release|Any CPU
		{A944DE24-5379-4A98-B137-7D7E5ED2BF5F}.Release|ARM64.Deploy.0 = Release|Any CPU
		{A944DE24-5379-4A98-B137-7D7E5ED2BF5F}.Release|iPhone.ActiveCfg = Release|Any CPU
		{A944DE24-5379-4A98-B137-7D7E5ED2BF5F}.Release|iPhone.Build.0 = Release|Any CPU
		{A944DE24-5379-4A98-B137-7D7E5ED2BF5F}.Release|iPhone.Deploy.0 = Release|Any CPU
		{A944DE24-5379-4A98-B137-7D7E5ED2BF5F}.Release|iPhoneSimulator.ActiveCfg = Release|Any CPU
		{A944DE24-5379-4A98-B137-7D7E5ED2BF5F}.Release|iPhoneSimulator.Build.0 = Release|Any CPU
		{A944DE24-5379-4A98-B137-7D7E5ED2BF5F}.Release|iPhoneSimulator.Deploy.0 = Release|Any CPU
		{A944DE24-5379-4A98-B137-7D7E5ED2BF5F}.Release|x64.ActiveCfg = Release|Any CPU
		{A944DE24-5379-4A98-B137-7D7E5ED2BF5F}.Release|x64.Build.0 = Release|Any CPU
		{A944DE24-5379-4A98-B137-7D7E5ED2BF5F}.Release|x64.Deploy.0 = Release|Any CPU
		{A944DE24-5379-4A98-B137-7D7E5ED2BF5F}.Release|x86.ActiveCfg = Release|Any CPU
		{A944DE24-5379-4A98-B137-7D7E5ED2BF5F}.Release|x86.Build.0 = Release|Any CPU
		{A944DE24-5379-4A98-B137-7D7E5ED2BF5F}.Release|x86.Deploy.0 = Release|Any CPU
		{68F74DDF-3A46-468A-B9C3-5003624FB3F7}.Ad-Hoc|Any CPU.ActiveCfg = Ad-Hoc|iPhoneSimulator
		{68F74DDF-3A46-468A-B9C3-5003624FB3F7}.Ad-Hoc|ARM.ActiveCfg = Ad-Hoc|iPhoneSimulator
		{68F74DDF-3A46-468A-B9C3-5003624FB3F7}.Ad-Hoc|ARM64.ActiveCfg = Ad-Hoc|iPhoneSimulator
		{68F74DDF-3A46-468A-B9C3-5003624FB3F7}.Ad-Hoc|iPhone.ActiveCfg = Ad-Hoc|iPhone
		{68F74DDF-3A46-468A-B9C3-5003624FB3F7}.Ad-Hoc|iPhone.Build.0 = Ad-Hoc|iPhone
		{68F74DDF-3A46-468A-B9C3-5003624FB3F7}.Ad-Hoc|iPhoneSimulator.ActiveCfg = Ad-Hoc|iPhoneSimulator
		{68F74DDF-3A46-468A-B9C3-5003624FB3F7}.Ad-Hoc|iPhoneSimulator.Build.0 = Ad-Hoc|iPhoneSimulator
		{68F74DDF-3A46-468A-B9C3-5003624FB3F7}.Ad-Hoc|x64.ActiveCfg = Ad-Hoc|iPhoneSimulator
		{68F74DDF-3A46-468A-B9C3-5003624FB3F7}.Ad-Hoc|x86.ActiveCfg = Ad-Hoc|iPhoneSimulator
		{68F74DDF-3A46-468A-B9C3-5003624FB3F7}.AppStore|Any CPU.ActiveCfg = AppStore|iPhoneSimulator
		{68F74DDF-3A46-468A-B9C3-5003624FB3F7}.AppStore|ARM.ActiveCfg = AppStore|iPhoneSimulator
		{68F74DDF-3A46-468A-B9C3-5003624FB3F7}.AppStore|ARM64.ActiveCfg = AppStore|iPhoneSimulator
		{68F74DDF-3A46-468A-B9C3-5003624FB3F7}.AppStore|iPhone.ActiveCfg = AppStore|iPhone
		{68F74DDF-3A46-468A-B9C3-5003624FB3F7}.AppStore|iPhone.Build.0 = AppStore|iPhone
		{68F74DDF-3A46-468A-B9C3-5003624FB3F7}.AppStore|iPhoneSimulator.ActiveCfg = AppStore|iPhoneSimulator
		{68F74DDF-3A46-468A-B9C3-5003624FB3F7}.AppStore|iPhoneSimulator.Build.0 = AppStore|iPhoneSimulator
		{68F74DDF-3A46-468A-B9C3-5003624FB3F7}.AppStore|x64.ActiveCfg = AppStore|iPhoneSimulator
		{68F74DDF-3A46-468A-B9C3-5003624FB3F7}.AppStore|x86.ActiveCfg = AppStore|iPhoneSimulator
		{68F74DDF-3A46-468A-B9C3-5003624FB3F7}.Debug|Any CPU.ActiveCfg = Debug|iPhoneSimulator
		{68F74DDF-3A46-468A-B9C3-5003624FB3F7}.Debug|ARM.ActiveCfg = Debug|iPhoneSimulator
		{68F74DDF-3A46-468A-B9C3-5003624FB3F7}.Debug|ARM64.ActiveCfg = Debug|iPhoneSimulator
		{68F74DDF-3A46-468A-B9C3-5003624FB3F7}.Debug|iPhone.ActiveCfg = Debug|iPhone
		{68F74DDF-3A46-468A-B9C3-5003624FB3F7}.Debug|iPhone.Build.0 = Debug|iPhone
		{68F74DDF-3A46-468A-B9C3-5003624FB3F7}.Debug|iPhoneSimulator.ActiveCfg = Debug|iPhoneSimulator
		{68F74DDF-3A46-468A-B9C3-5003624FB3F7}.Debug|iPhoneSimulator.Build.0 = Debug|iPhoneSimulator
		{68F74DDF-3A46-468A-B9C3-5003624FB3F7}.Debug|x64.ActiveCfg = Debug|iPhoneSimulator
		{68F74DDF-3A46-468A-B9C3-5003624FB3F7}.Debug|x86.ActiveCfg = Debug|iPhoneSimulator
		{68F74DDF-3A46-468A-B9C3-5003624FB3F7}.Release|Any CPU.ActiveCfg = Release|iPhoneSimulator
		{68F74DDF-3A46-468A-B9C3-5003624FB3F7}.Release|ARM.ActiveCfg = Release|iPhoneSimulator
		{68F74DDF-3A46-468A-B9C3-5003624FB3F7}.Release|ARM64.ActiveCfg = Release|iPhoneSimulator
		{68F74DDF-3A46-468A-B9C3-5003624FB3F7}.Release|iPhone.ActiveCfg = Release|iPhone
		{68F74DDF-3A46-468A-B9C3-5003624FB3F7}.Release|iPhone.Build.0 = Release|iPhone
		{68F74DDF-3A46-468A-B9C3-5003624FB3F7}.Release|iPhoneSimulator.ActiveCfg = Release|iPhoneSimulator
		{68F74DDF-3A46-468A-B9C3-5003624FB3F7}.Release|iPhoneSimulator.Build.0 = Release|iPhoneSimulator
		{68F74DDF-3A46-468A-B9C3-5003624FB3F7}.Release|x64.ActiveCfg = Release|iPhoneSimulator
		{68F74DDF-3A46-468A-B9C3-5003624FB3F7}.Release|x86.ActiveCfg = Release|iPhoneSimulator
		{C5AB9B44-5488-4A26-A733-A8521BBA95EB}.Ad-Hoc|Any CPU.ActiveCfg = Debug|x86
		{C5AB9B44-5488-4A26-A733-A8521BBA95EB}.Ad-Hoc|Any CPU.Build.0 = Debug|x86
		{C5AB9B44-5488-4A26-A733-A8521BBA95EB}.Ad-Hoc|Any CPU.Deploy.0 = Debug|x86
		{C5AB9B44-5488-4A26-A733-A8521BBA95EB}.Ad-Hoc|ARM.ActiveCfg = Debug|ARM
		{C5AB9B44-5488-4A26-A733-A8521BBA95EB}.Ad-Hoc|ARM.Build.0 = Debug|ARM
		{C5AB9B44-5488-4A26-A733-A8521BBA95EB}.Ad-Hoc|ARM.Deploy.0 = Debug|ARM
		{C5AB9B44-5488-4A26-A733-A8521BBA95EB}.Ad-Hoc|ARM64.ActiveCfg = Debug|ARM64
		{C5AB9B44-5488-4A26-A733-A8521BBA95EB}.Ad-Hoc|ARM64.Build.0 = Debug|ARM64
		{C5AB9B44-5488-4A26-A733-A8521BBA95EB}.Ad-Hoc|ARM64.Deploy.0 = Debug|ARM64
		{C5AB9B44-5488-4A26-A733-A8521BBA95EB}.Ad-Hoc|iPhone.ActiveCfg = Debug|x86
		{C5AB9B44-5488-4A26-A733-A8521BBA95EB}.Ad-Hoc|iPhone.Build.0 = Debug|x86
		{C5AB9B44-5488-4A26-A733-A8521BBA95EB}.Ad-Hoc|iPhone.Deploy.0 = Debug|x86
		{C5AB9B44-5488-4A26-A733-A8521BBA95EB}.Ad-Hoc|iPhoneSimulator.ActiveCfg = Debug|x86
		{C5AB9B44-5488-4A26-A733-A8521BBA95EB}.Ad-Hoc|iPhoneSimulator.Build.0 = Debug|x86
		{C5AB9B44-5488-4A26-A733-A8521BBA95EB}.Ad-Hoc|iPhoneSimulator.Deploy.0 = Debug|x86
		{C5AB9B44-5488-4A26-A733-A8521BBA95EB}.Ad-Hoc|x64.ActiveCfg = Debug|x64
		{C5AB9B44-5488-4A26-A733-A8521BBA95EB}.Ad-Hoc|x64.Build.0 = Debug|x64
		{C5AB9B44-5488-4A26-A733-A8521BBA95EB}.Ad-Hoc|x64.Deploy.0 = Debug|x64
		{C5AB9B44-5488-4A26-A733-A8521BBA95EB}.Ad-Hoc|x86.ActiveCfg = Debug|x86
		{C5AB9B44-5488-4A26-A733-A8521BBA95EB}.Ad-Hoc|x86.Build.0 = Debug|x86
		{C5AB9B44-5488-4A26-A733-A8521BBA95EB}.Ad-Hoc|x86.Deploy.0 = Debug|x86
		{C5AB9B44-5488-4A26-A733-A8521BBA95EB}.AppStore|Any CPU.ActiveCfg = Debug|x86
		{C5AB9B44-5488-4A26-A733-A8521BBA95EB}.AppStore|Any CPU.Build.0 = Debug|x86
		{C5AB9B44-5488-4A26-A733-A8521BBA95EB}.AppStore|Any CPU.Deploy.0 = Debug|x86
		{C5AB9B44-5488-4A26-A733-A8521BBA95EB}.AppStore|ARM.ActiveCfg = Debug|ARM
		{C5AB9B44-5488-4A26-A733-A8521BBA95EB}.AppStore|ARM.Build.0 = Debug|ARM
		{C5AB9B44-5488-4A26-A733-A8521BBA95EB}.AppStore|ARM.Deploy.0 = Debug|ARM
		{C5AB9B44-5488-4A26-A733-A8521BBA95EB}.AppStore|ARM64.ActiveCfg = Debug|ARM64
		{C5AB9B44-5488-4A26-A733-A8521BBA95EB}.AppStore|ARM64.Build.0 = Debug|ARM64
		{C5AB9B44-5488-4A26-A733-A8521BBA95EB}.AppStore|ARM64.Deploy.0 = Debug|ARM64
		{C5AB9B44-5488-4A26-A733-A8521BBA95EB}.AppStore|iPhone.ActiveCfg = Debug|x86
		{C5AB9B44-5488-4A26-A733-A8521BBA95EB}.AppStore|iPhone.Build.0 = Debug|x86
		{C5AB9B44-5488-4A26-A733-A8521BBA95EB}.AppStore|iPhone.Deploy.0 = Debug|x86
		{C5AB9B44-5488-4A26-A733-A8521BBA95EB}.AppStore|iPhoneSimulator.ActiveCfg = Debug|x86
		{C5AB9B44-5488-4A26-A733-A8521BBA95EB}.AppStore|iPhoneSimulator.Build.0 = Debug|x86
		{C5AB9B44-5488-4A26-A733-A8521BBA95EB}.AppStore|iPhoneSimulator.Deploy.0 = Debug|x86
		{C5AB9B44-5488-4A26-A733-A8521BBA95EB}.AppStore|x64.ActiveCfg = Debug|x64
		{C5AB9B44-5488-4A26-A733-A8521BBA95EB}.AppStore|x64.Build.0 = Debug|x64
		{C5AB9B44-5488-4A26-A733-A8521BBA95EB}.AppStore|x64.Deploy.0 = Debug|x64
		{C5AB9B44-5488-4A26-A733-A8521BBA95EB}.AppStore|x86.ActiveCfg = Debug|x86
		{C5AB9B44-5488-4A26-A733-A8521BBA95EB}.AppStore|x86.Build.0 = Debug|x86
		{C5AB9B44-5488-4A26-A733-A8521BBA95EB}.AppStore|x86.Deploy.0 = Debug|x86
		{C5AB9B44-5488-4A26-A733-A8521BBA95EB}.Debug|Any CPU.ActiveCfg = Debug|x86
		{C5AB9B44-5488-4A26-A733-A8521BBA95EB}.Debug|Any CPU.Build.0 = Debug|x86
		{C5AB9B44-5488-4A26-A733-A8521BBA95EB}.Debug|Any CPU.Deploy.0 = Debug|x86
		{C5AB9B44-5488-4A26-A733-A8521BBA95EB}.Debug|ARM.ActiveCfg = Debug|ARM
		{C5AB9B44-5488-4A26-A733-A8521BBA95EB}.Debug|ARM.Build.0 = Debug|ARM
		{C5AB9B44-5488-4A26-A733-A8521BBA95EB}.Debug|ARM.Deploy.0 = Debug|ARM
		{C5AB9B44-5488-4A26-A733-A8521BBA95EB}.Debug|ARM64.ActiveCfg = Debug|ARM64
		{C5AB9B44-5488-4A26-A733-A8521BBA95EB}.Debug|ARM64.Build.0 = Debug|ARM64
		{C5AB9B44-5488-4A26-A733-A8521BBA95EB}.Debug|ARM64.Deploy.0 = Debug|ARM64
		{C5AB9B44-5488-4A26-A733-A8521BBA95EB}.Debug|iPhone.ActiveCfg = Debug|x86
		{C5AB9B44-5488-4A26-A733-A8521BBA95EB}.Debug|iPhoneSimulator.ActiveCfg = Debug|x86
		{C5AB9B44-5488-4A26-A733-A8521BBA95EB}.Debug|x64.ActiveCfg = Debug|x64
		{C5AB9B44-5488-4A26-A733-A8521BBA95EB}.Debug|x64.Build.0 = Debug|x64
		{C5AB9B44-5488-4A26-A733-A8521BBA95EB}.Debug|x64.Deploy.0 = Debug|x64
		{C5AB9B44-5488-4A26-A733-A8521BBA95EB}.Debug|x86.ActiveCfg = Debug|x86
		{C5AB9B44-5488-4A26-A733-A8521BBA95EB}.Debug|x86.Build.0 = Debug|x86
		{C5AB9B44-5488-4A26-A733-A8521BBA95EB}.Debug|x86.Deploy.0 = Debug|x86
		{C5AB9B44-5488-4A26-A733-A8521BBA95EB}.Release|Any CPU.ActiveCfg = Release|x86
		{C5AB9B44-5488-4A26-A733-A8521BBA95EB}.Release|ARM.ActiveCfg = Release|ARM
		{C5AB9B44-5488-4A26-A733-A8521BBA95EB}.Release|ARM.Build.0 = Release|ARM
		{C5AB9B44-5488-4A26-A733-A8521BBA95EB}.Release|ARM.Deploy.0 = Release|ARM
		{C5AB9B44-5488-4A26-A733-A8521BBA95EB}.Release|ARM64.ActiveCfg = Release|ARM64
		{C5AB9B44-5488-4A26-A733-A8521BBA95EB}.Release|ARM64.Build.0 = Release|ARM64
		{C5AB9B44-5488-4A26-A733-A8521BBA95EB}.Release|ARM64.Deploy.0 = Release|ARM64
		{C5AB9B44-5488-4A26-A733-A8521BBA95EB}.Release|iPhone.ActiveCfg = Release|x86
		{C5AB9B44-5488-4A26-A733-A8521BBA95EB}.Release|iPhoneSimulator.ActiveCfg = Release|x86
		{C5AB9B44-5488-4A26-A733-A8521BBA95EB}.Release|x64.ActiveCfg = Release|x64
		{C5AB9B44-5488-4A26-A733-A8521BBA95EB}.Release|x64.Build.0 = Release|x64
		{C5AB9B44-5488-4A26-A733-A8521BBA95EB}.Release|x64.Deploy.0 = Release|x64
		{C5AB9B44-5488-4A26-A733-A8521BBA95EB}.Release|x86.ActiveCfg = Release|x86
		{C5AB9B44-5488-4A26-A733-A8521BBA95EB}.Release|x86.Build.0 = Release|x86
		{C5AB9B44-5488-4A26-A733-A8521BBA95EB}.Release|x86.Deploy.0 = Release|x86
		{D7C3F1D1-C6A5-409C-BBA7-5579B925FC7B}.Ad-Hoc|Any CPU.ActiveCfg = Debug|Any CPU
		{D7C3F1D1-C6A5-409C-BBA7-5579B925FC7B}.Ad-Hoc|Any CPU.Build.0 = Debug|Any CPU
		{D7C3F1D1-C6A5-409C-BBA7-5579B925FC7B}.Ad-Hoc|ARM.ActiveCfg = Debug|Any CPU
		{D7C3F1D1-C6A5-409C-BBA7-5579B925FC7B}.Ad-Hoc|ARM.Build.0 = Debug|Any CPU
		{D7C3F1D1-C6A5-409C-BBA7-5579B925FC7B}.Ad-Hoc|ARM64.ActiveCfg = Debug|Any CPU
		{D7C3F1D1-C6A5-409C-BBA7-5579B925FC7B}.Ad-Hoc|ARM64.Build.0 = Debug|Any CPU
		{D7C3F1D1-C6A5-409C-BBA7-5579B925FC7B}.Ad-Hoc|iPhone.ActiveCfg = Debug|Any CPU
		{D7C3F1D1-C6A5-409C-BBA7-5579B925FC7B}.Ad-Hoc|iPhone.Build.0 = Debug|Any CPU
		{D7C3F1D1-C6A5-409C-BBA7-5579B925FC7B}.Ad-Hoc|iPhoneSimulator.ActiveCfg = Debug|Any CPU
		{D7C3F1D1-C6A5-409C-BBA7-5579B925FC7B}.Ad-Hoc|iPhoneSimulator.Build.0 = Debug|Any CPU
		{D7C3F1D1-C6A5-409C-BBA7-5579B925FC7B}.Ad-Hoc|x64.ActiveCfg = Debug|Any CPU
		{D7C3F1D1-C6A5-409C-BBA7-5579B925FC7B}.Ad-Hoc|x64.Build.0 = Debug|Any CPU
		{D7C3F1D1-C6A5-409C-BBA7-5579B925FC7B}.Ad-Hoc|x86.ActiveCfg = Debug|Any CPU
		{D7C3F1D1-C6A5-409C-BBA7-5579B925FC7B}.Ad-Hoc|x86.Build.0 = Debug|Any CPU
		{D7C3F1D1-C6A5-409C-BBA7-5579B925FC7B}.AppStore|Any CPU.ActiveCfg = Debug|Any CPU
		{D7C3F1D1-C6A5-409C-BBA7-5579B925FC7B}.AppStore|Any CPU.Build.0 = Debug|Any CPU
		{D7C3F1D1-C6A5-409C-BBA7-5579B925FC7B}.AppStore|ARM.ActiveCfg = Debug|Any CPU
		{D7C3F1D1-C6A5-409C-BBA7-5579B925FC7B}.AppStore|ARM.Build.0 = Debug|Any CPU
		{D7C3F1D1-C6A5-409C-BBA7-5579B925FC7B}.AppStore|ARM64.ActiveCfg = Debug|Any CPU
		{D7C3F1D1-C6A5-409C-BBA7-5579B925FC7B}.AppStore|ARM64.Build.0 = Debug|Any CPU
		{D7C3F1D1-C6A5-409C-BBA7-5579B925FC7B}.AppStore|iPhone.ActiveCfg = Debug|Any CPU
		{D7C3F1D1-C6A5-409C-BBA7-5579B925FC7B}.AppStore|iPhone.Build.0 = Debug|Any CPU
		{D7C3F1D1-C6A5-409C-BBA7-5579B925FC7B}.AppStore|iPhoneSimulator.ActiveCfg = Debug|Any CPU
		{D7C3F1D1-C6A5-409C-BBA7-5579B925FC7B}.AppStore|iPhoneSimulator.Build.0 = Debug|Any CPU
		{D7C3F1D1-C6A5-409C-BBA7-5579B925FC7B}.AppStore|x64.ActiveCfg = Debug|Any CPU
		{D7C3F1D1-C6A5-409C-BBA7-5579B925FC7B}.AppStore|x64.Build.0 = Debug|Any CPU
		{D7C3F1D1-C6A5-409C-BBA7-5579B925FC7B}.AppStore|x86.ActiveCfg = Debug|Any CPU
		{D7C3F1D1-C6A5-409C-BBA7-5579B925FC7B}.AppStore|x86.Build.0 = Debug|Any CPU
		{D7C3F1D1-C6A5-409C-BBA7-5579B925FC7B}.Debug|Any CPU.ActiveCfg = Debug|Any CPU
		{D7C3F1D1-C6A5-409C-BBA7-5579B925FC7B}.Debug|Any CPU.Build.0 = Debug|Any CPU
		{D7C3F1D1-C6A5-409C-BBA7-5579B925FC7B}.Debug|ARM.ActiveCfg = Debug|Any CPU
		{D7C3F1D1-C6A5-409C-BBA7-5579B925FC7B}.Debug|ARM.Build.0 = Debug|Any CPU
		{D7C3F1D1-C6A5-409C-BBA7-5579B925FC7B}.Debug|ARM64.ActiveCfg = Debug|Any CPU
		{D7C3F1D1-C6A5-409C-BBA7-5579B925FC7B}.Debug|ARM64.Build.0 = Debug|Any CPU
		{D7C3F1D1-C6A5-409C-BBA7-5579B925FC7B}.Debug|iPhone.ActiveCfg = Debug|Any CPU
		{D7C3F1D1-C6A5-409C-BBA7-5579B925FC7B}.Debug|iPhone.Build.0 = Debug|Any CPU
		{D7C3F1D1-C6A5-409C-BBA7-5579B925FC7B}.Debug|iPhoneSimulator.ActiveCfg = Debug|Any CPU
		{D7C3F1D1-C6A5-409C-BBA7-5579B925FC7B}.Debug|iPhoneSimulator.Build.0 = Debug|Any CPU
		{D7C3F1D1-C6A5-409C-BBA7-5579B925FC7B}.Debug|x64.ActiveCfg = Debug|Any CPU
		{D7C3F1D1-C6A5-409C-BBA7-5579B925FC7B}.Debug|x64.Build.0 = Debug|Any CPU
		{D7C3F1D1-C6A5-409C-BBA7-5579B925FC7B}.Debug|x86.ActiveCfg = Debug|Any CPU
		{D7C3F1D1-C6A5-409C-BBA7-5579B925FC7B}.Debug|x86.Build.0 = Debug|Any CPU
		{D7C3F1D1-C6A5-409C-BBA7-5579B925FC7B}.Release|Any CPU.ActiveCfg = Release|Any CPU
		{D7C3F1D1-C6A5-409C-BBA7-5579B925FC7B}.Release|Any CPU.Build.0 = Release|Any CPU
		{D7C3F1D1-C6A5-409C-BBA7-5579B925FC7B}.Release|ARM.ActiveCfg = Release|Any CPU
		{D7C3F1D1-C6A5-409C-BBA7-5579B925FC7B}.Release|ARM.Build.0 = Release|Any CPU
		{D7C3F1D1-C6A5-409C-BBA7-5579B925FC7B}.Release|ARM64.ActiveCfg = Release|Any CPU
		{D7C3F1D1-C6A5-409C-BBA7-5579B925FC7B}.Release|ARM64.Build.0 = Release|Any CPU
		{D7C3F1D1-C6A5-409C-BBA7-5579B925FC7B}.Release|iPhone.ActiveCfg = Release|Any CPU
		{D7C3F1D1-C6A5-409C-BBA7-5579B925FC7B}.Release|iPhone.Build.0 = Release|Any CPU
		{D7C3F1D1-C6A5-409C-BBA7-5579B925FC7B}.Release|iPhoneSimulator.ActiveCfg = Release|Any CPU
		{D7C3F1D1-C6A5-409C-BBA7-5579B925FC7B}.Release|iPhoneSimulator.Build.0 = Release|Any CPU
		{D7C3F1D1-C6A5-409C-BBA7-5579B925FC7B}.Release|x64.ActiveCfg = Release|Any CPU
		{D7C3F1D1-C6A5-409C-BBA7-5579B925FC7B}.Release|x64.Build.0 = Release|Any CPU
		{D7C3F1D1-C6A5-409C-BBA7-5579B925FC7B}.Release|x86.ActiveCfg = Release|Any CPU
		{D7C3F1D1-C6A5-409C-BBA7-5579B925FC7B}.Release|x86.Build.0 = Release|Any CPU
		{1F765165-83DB-44E8-B924-40DF3071AF0B}.Ad-Hoc|Any CPU.ActiveCfg = Debug|iPhoneSimulator
		{1F765165-83DB-44E8-B924-40DF3071AF0B}.Ad-Hoc|Any CPU.Build.0 = Debug|iPhoneSimulator
		{1F765165-83DB-44E8-B924-40DF3071AF0B}.Ad-Hoc|ARM.ActiveCfg = Debug|iPhoneSimulator
		{1F765165-83DB-44E8-B924-40DF3071AF0B}.Ad-Hoc|ARM.Build.0 = Debug|iPhoneSimulator
		{1F765165-83DB-44E8-B924-40DF3071AF0B}.Ad-Hoc|ARM64.ActiveCfg = Debug|iPhoneSimulator
		{1F765165-83DB-44E8-B924-40DF3071AF0B}.Ad-Hoc|ARM64.Build.0 = Debug|iPhoneSimulator
		{1F765165-83DB-44E8-B924-40DF3071AF0B}.Ad-Hoc|iPhone.ActiveCfg = Debug|iPhoneSimulator
		{1F765165-83DB-44E8-B924-40DF3071AF0B}.Ad-Hoc|iPhone.Build.0 = Debug|iPhoneSimulator
		{1F765165-83DB-44E8-B924-40DF3071AF0B}.Ad-Hoc|iPhoneSimulator.ActiveCfg = Debug|iPhoneSimulator
		{1F765165-83DB-44E8-B924-40DF3071AF0B}.Ad-Hoc|iPhoneSimulator.Build.0 = Debug|iPhoneSimulator
		{1F765165-83DB-44E8-B924-40DF3071AF0B}.Ad-Hoc|x64.ActiveCfg = Debug|iPhoneSimulator
		{1F765165-83DB-44E8-B924-40DF3071AF0B}.Ad-Hoc|x64.Build.0 = Debug|iPhoneSimulator
		{1F765165-83DB-44E8-B924-40DF3071AF0B}.Ad-Hoc|x86.ActiveCfg = Debug|iPhoneSimulator
		{1F765165-83DB-44E8-B924-40DF3071AF0B}.Ad-Hoc|x86.Build.0 = Debug|iPhoneSimulator
		{1F765165-83DB-44E8-B924-40DF3071AF0B}.AppStore|Any CPU.ActiveCfg = Debug|iPhoneSimulator
		{1F765165-83DB-44E8-B924-40DF3071AF0B}.AppStore|Any CPU.Build.0 = Debug|iPhoneSimulator
		{1F765165-83DB-44E8-B924-40DF3071AF0B}.AppStore|ARM.ActiveCfg = Debug|iPhoneSimulator
		{1F765165-83DB-44E8-B924-40DF3071AF0B}.AppStore|ARM.Build.0 = Debug|iPhoneSimulator
		{1F765165-83DB-44E8-B924-40DF3071AF0B}.AppStore|ARM64.ActiveCfg = Debug|iPhoneSimulator
		{1F765165-83DB-44E8-B924-40DF3071AF0B}.AppStore|ARM64.Build.0 = Debug|iPhoneSimulator
		{1F765165-83DB-44E8-B924-40DF3071AF0B}.AppStore|iPhone.ActiveCfg = Debug|iPhoneSimulator
		{1F765165-83DB-44E8-B924-40DF3071AF0B}.AppStore|iPhone.Build.0 = Debug|iPhoneSimulator
		{1F765165-83DB-44E8-B924-40DF3071AF0B}.AppStore|iPhoneSimulator.ActiveCfg = Debug|iPhoneSimulator
		{1F765165-83DB-44E8-B924-40DF3071AF0B}.AppStore|iPhoneSimulator.Build.0 = Debug|iPhoneSimulator
		{1F765165-83DB-44E8-B924-40DF3071AF0B}.AppStore|x64.ActiveCfg = Debug|iPhoneSimulator
		{1F765165-83DB-44E8-B924-40DF3071AF0B}.AppStore|x64.Build.0 = Debug|iPhoneSimulator
		{1F765165-83DB-44E8-B924-40DF3071AF0B}.AppStore|x86.ActiveCfg = Debug|iPhoneSimulator
		{1F765165-83DB-44E8-B924-40DF3071AF0B}.AppStore|x86.Build.0 = Debug|iPhoneSimulator
		{1F765165-83DB-44E8-B924-40DF3071AF0B}.Debug|Any CPU.ActiveCfg = Debug|iPhoneSimulator
		{1F765165-83DB-44E8-B924-40DF3071AF0B}.Debug|ARM.ActiveCfg = Debug|iPhoneSimulator
		{1F765165-83DB-44E8-B924-40DF3071AF0B}.Debug|ARM64.ActiveCfg = Debug|iPhoneSimulator
		{1F765165-83DB-44E8-B924-40DF3071AF0B}.Debug|iPhone.ActiveCfg = Debug|iPhoneSimulator
		{1F765165-83DB-44E8-B924-40DF3071AF0B}.Debug|iPhoneSimulator.ActiveCfg = Debug|iPhoneSimulator
		{1F765165-83DB-44E8-B924-40DF3071AF0B}.Debug|iPhoneSimulator.Build.0 = Debug|iPhoneSimulator
		{1F765165-83DB-44E8-B924-40DF3071AF0B}.Debug|x64.ActiveCfg = Debug|iPhoneSimulator
		{1F765165-83DB-44E8-B924-40DF3071AF0B}.Debug|x86.ActiveCfg = Debug|iPhoneSimulator
		{1F765165-83DB-44E8-B924-40DF3071AF0B}.Release|Any CPU.ActiveCfg = Release|iPhoneSimulator
		{1F765165-83DB-44E8-B924-40DF3071AF0B}.Release|ARM.ActiveCfg = Release|iPhoneSimulator
		{1F765165-83DB-44E8-B924-40DF3071AF0B}.Release|ARM64.ActiveCfg = Release|iPhoneSimulator
		{1F765165-83DB-44E8-B924-40DF3071AF0B}.Release|iPhone.ActiveCfg = Release|iPhoneSimulator
		{1F765165-83DB-44E8-B924-40DF3071AF0B}.Release|iPhoneSimulator.ActiveCfg = Release|iPhoneSimulator
		{1F765165-83DB-44E8-B924-40DF3071AF0B}.Release|iPhoneSimulator.Build.0 = Release|iPhoneSimulator
		{1F765165-83DB-44E8-B924-40DF3071AF0B}.Release|x64.ActiveCfg = Release|iPhoneSimulator
		{1F765165-83DB-44E8-B924-40DF3071AF0B}.Release|x86.ActiveCfg = Release|iPhoneSimulator
		{87E2ED4C-EB4E-40B7-8D41-CF25EE410F26}.Ad-Hoc|Any CPU.ActiveCfg = Debug|Any CPU
		{87E2ED4C-EB4E-40B7-8D41-CF25EE410F26}.Ad-Hoc|Any CPU.Build.0 = Debug|Any CPU
		{87E2ED4C-EB4E-40B7-8D41-CF25EE410F26}.Ad-Hoc|ARM.ActiveCfg = Debug|Any CPU
		{87E2ED4C-EB4E-40B7-8D41-CF25EE410F26}.Ad-Hoc|ARM.Build.0 = Debug|Any CPU
		{87E2ED4C-EB4E-40B7-8D41-CF25EE410F26}.Ad-Hoc|ARM64.ActiveCfg = Debug|Any CPU
		{87E2ED4C-EB4E-40B7-8D41-CF25EE410F26}.Ad-Hoc|ARM64.Build.0 = Debug|Any CPU
		{87E2ED4C-EB4E-40B7-8D41-CF25EE410F26}.Ad-Hoc|iPhone.ActiveCfg = Debug|Any CPU
		{87E2ED4C-EB4E-40B7-8D41-CF25EE410F26}.Ad-Hoc|iPhone.Build.0 = Debug|Any CPU
		{87E2ED4C-EB4E-40B7-8D41-CF25EE410F26}.Ad-Hoc|iPhoneSimulator.ActiveCfg = Debug|Any CPU
		{87E2ED4C-EB4E-40B7-8D41-CF25EE410F26}.Ad-Hoc|iPhoneSimulator.Build.0 = Debug|Any CPU
		{87E2ED4C-EB4E-40B7-8D41-CF25EE410F26}.Ad-Hoc|x64.ActiveCfg = Debug|Any CPU
		{87E2ED4C-EB4E-40B7-8D41-CF25EE410F26}.Ad-Hoc|x64.Build.0 = Debug|Any CPU
		{87E2ED4C-EB4E-40B7-8D41-CF25EE410F26}.Ad-Hoc|x86.ActiveCfg = Debug|Any CPU
		{87E2ED4C-EB4E-40B7-8D41-CF25EE410F26}.Ad-Hoc|x86.Build.0 = Debug|Any CPU
		{87E2ED4C-EB4E-40B7-8D41-CF25EE410F26}.AppStore|Any CPU.ActiveCfg = Debug|Any CPU
		{87E2ED4C-EB4E-40B7-8D41-CF25EE410F26}.AppStore|Any CPU.Build.0 = Debug|Any CPU
		{87E2ED4C-EB4E-40B7-8D41-CF25EE410F26}.AppStore|ARM.ActiveCfg = Debug|Any CPU
		{87E2ED4C-EB4E-40B7-8D41-CF25EE410F26}.AppStore|ARM.Build.0 = Debug|Any CPU
		{87E2ED4C-EB4E-40B7-8D41-CF25EE410F26}.AppStore|ARM64.ActiveCfg = Debug|Any CPU
		{87E2ED4C-EB4E-40B7-8D41-CF25EE410F26}.AppStore|ARM64.Build.0 = Debug|Any CPU
		{87E2ED4C-EB4E-40B7-8D41-CF25EE410F26}.AppStore|iPhone.ActiveCfg = Debug|Any CPU
		{87E2ED4C-EB4E-40B7-8D41-CF25EE410F26}.AppStore|iPhone.Build.0 = Debug|Any CPU
		{87E2ED4C-EB4E-40B7-8D41-CF25EE410F26}.AppStore|iPhoneSimulator.ActiveCfg = Debug|Any CPU
		{87E2ED4C-EB4E-40B7-8D41-CF25EE410F26}.AppStore|iPhoneSimulator.Build.0 = Debug|Any CPU
		{87E2ED4C-EB4E-40B7-8D41-CF25EE410F26}.AppStore|x64.ActiveCfg = Debug|Any CPU
		{87E2ED4C-EB4E-40B7-8D41-CF25EE410F26}.AppStore|x64.Build.0 = Debug|Any CPU
		{87E2ED4C-EB4E-40B7-8D41-CF25EE410F26}.AppStore|x86.ActiveCfg = Debug|Any CPU
		{87E2ED4C-EB4E-40B7-8D41-CF25EE410F26}.AppStore|x86.Build.0 = Debug|Any CPU
		{87E2ED4C-EB4E-40B7-8D41-CF25EE410F26}.Debug|Any CPU.ActiveCfg = Debug|Any CPU
		{87E2ED4C-EB4E-40B7-8D41-CF25EE410F26}.Debug|Any CPU.Build.0 = Debug|Any CPU
		{87E2ED4C-EB4E-40B7-8D41-CF25EE410F26}.Debug|ARM.ActiveCfg = Debug|Any CPU
		{87E2ED4C-EB4E-40B7-8D41-CF25EE410F26}.Debug|ARM.Build.0 = Debug|Any CPU
		{87E2ED4C-EB4E-40B7-8D41-CF25EE410F26}.Debug|ARM64.ActiveCfg = Debug|Any CPU
		{87E2ED4C-EB4E-40B7-8D41-CF25EE410F26}.Debug|ARM64.Build.0 = Debug|Any CPU
		{87E2ED4C-EB4E-40B7-8D41-CF25EE410F26}.Debug|iPhone.ActiveCfg = Debug|Any CPU
		{87E2ED4C-EB4E-40B7-8D41-CF25EE410F26}.Debug|iPhone.Build.0 = Debug|Any CPU
		{87E2ED4C-EB4E-40B7-8D41-CF25EE410F26}.Debug|iPhoneSimulator.ActiveCfg = Debug|Any CPU
		{87E2ED4C-EB4E-40B7-8D41-CF25EE410F26}.Debug|iPhoneSimulator.Build.0 = Debug|Any CPU
		{87E2ED4C-EB4E-40B7-8D41-CF25EE410F26}.Debug|x64.ActiveCfg = Debug|Any CPU
		{87E2ED4C-EB4E-40B7-8D41-CF25EE410F26}.Debug|x64.Build.0 = Debug|Any CPU
		{87E2ED4C-EB4E-40B7-8D41-CF25EE410F26}.Debug|x86.ActiveCfg = Debug|Any CPU
		{87E2ED4C-EB4E-40B7-8D41-CF25EE410F26}.Debug|x86.Build.0 = Debug|Any CPU
		{87E2ED4C-EB4E-40B7-8D41-CF25EE410F26}.Release|Any CPU.ActiveCfg = Release|Any CPU
		{87E2ED4C-EB4E-40B7-8D41-CF25EE410F26}.Release|Any CPU.Build.0 = Release|Any CPU
		{87E2ED4C-EB4E-40B7-8D41-CF25EE410F26}.Release|ARM.ActiveCfg = Release|Any CPU
		{87E2ED4C-EB4E-40B7-8D41-CF25EE410F26}.Release|ARM.Build.0 = Release|Any CPU
		{87E2ED4C-EB4E-40B7-8D41-CF25EE410F26}.Release|ARM64.ActiveCfg = Release|Any CPU
		{87E2ED4C-EB4E-40B7-8D41-CF25EE410F26}.Release|ARM64.Build.0 = Release|Any CPU
		{87E2ED4C-EB4E-40B7-8D41-CF25EE410F26}.Release|iPhone.ActiveCfg = Release|Any CPU
		{87E2ED4C-EB4E-40B7-8D41-CF25EE410F26}.Release|iPhone.Build.0 = Release|Any CPU
		{87E2ED4C-EB4E-40B7-8D41-CF25EE410F26}.Release|iPhoneSimulator.ActiveCfg = Release|Any CPU
		{87E2ED4C-EB4E-40B7-8D41-CF25EE410F26}.Release|iPhoneSimulator.Build.0 = Release|Any CPU
		{87E2ED4C-EB4E-40B7-8D41-CF25EE410F26}.Release|x64.ActiveCfg = Release|Any CPU
		{87E2ED4C-EB4E-40B7-8D41-CF25EE410F26}.Release|x64.Build.0 = Release|Any CPU
		{87E2ED4C-EB4E-40B7-8D41-CF25EE410F26}.Release|x86.ActiveCfg = Release|Any CPU
		{87E2ED4C-EB4E-40B7-8D41-CF25EE410F26}.Release|x86.Build.0 = Release|Any CPU
		{6A6F61E3-4B25-4967-82FC-2239F3B80A0E}.Ad-Hoc|Any CPU.ActiveCfg = Debug|Any CPU
		{6A6F61E3-4B25-4967-82FC-2239F3B80A0E}.Ad-Hoc|Any CPU.Build.0 = Debug|Any CPU
		{6A6F61E3-4B25-4967-82FC-2239F3B80A0E}.Ad-Hoc|ARM.ActiveCfg = Debug|Any CPU
		{6A6F61E3-4B25-4967-82FC-2239F3B80A0E}.Ad-Hoc|ARM.Build.0 = Debug|Any CPU
		{6A6F61E3-4B25-4967-82FC-2239F3B80A0E}.Ad-Hoc|ARM64.ActiveCfg = Debug|Any CPU
		{6A6F61E3-4B25-4967-82FC-2239F3B80A0E}.Ad-Hoc|ARM64.Build.0 = Debug|Any CPU
		{6A6F61E3-4B25-4967-82FC-2239F3B80A0E}.Ad-Hoc|iPhone.ActiveCfg = Debug|Any CPU
		{6A6F61E3-4B25-4967-82FC-2239F3B80A0E}.Ad-Hoc|iPhone.Build.0 = Debug|Any CPU
		{6A6F61E3-4B25-4967-82FC-2239F3B80A0E}.Ad-Hoc|iPhoneSimulator.ActiveCfg = Debug|Any CPU
		{6A6F61E3-4B25-4967-82FC-2239F3B80A0E}.Ad-Hoc|iPhoneSimulator.Build.0 = Debug|Any CPU
		{6A6F61E3-4B25-4967-82FC-2239F3B80A0E}.Ad-Hoc|x64.ActiveCfg = Debug|Any CPU
		{6A6F61E3-4B25-4967-82FC-2239F3B80A0E}.Ad-Hoc|x64.Build.0 = Debug|Any CPU
		{6A6F61E3-4B25-4967-82FC-2239F3B80A0E}.Ad-Hoc|x86.ActiveCfg = Debug|Any CPU
		{6A6F61E3-4B25-4967-82FC-2239F3B80A0E}.Ad-Hoc|x86.Build.0 = Debug|Any CPU
		{6A6F61E3-4B25-4967-82FC-2239F3B80A0E}.AppStore|Any CPU.ActiveCfg = Debug|Any CPU
		{6A6F61E3-4B25-4967-82FC-2239F3B80A0E}.AppStore|Any CPU.Build.0 = Debug|Any CPU
		{6A6F61E3-4B25-4967-82FC-2239F3B80A0E}.AppStore|ARM.ActiveCfg = Debug|Any CPU
		{6A6F61E3-4B25-4967-82FC-2239F3B80A0E}.AppStore|ARM.Build.0 = Debug|Any CPU
		{6A6F61E3-4B25-4967-82FC-2239F3B80A0E}.AppStore|ARM64.ActiveCfg = Debug|Any CPU
		{6A6F61E3-4B25-4967-82FC-2239F3B80A0E}.AppStore|ARM64.Build.0 = Debug|Any CPU
		{6A6F61E3-4B25-4967-82FC-2239F3B80A0E}.AppStore|iPhone.ActiveCfg = Debug|Any CPU
		{6A6F61E3-4B25-4967-82FC-2239F3B80A0E}.AppStore|iPhone.Build.0 = Debug|Any CPU
		{6A6F61E3-4B25-4967-82FC-2239F3B80A0E}.AppStore|iPhoneSimulator.ActiveCfg = Debug|Any CPU
		{6A6F61E3-4B25-4967-82FC-2239F3B80A0E}.AppStore|iPhoneSimulator.Build.0 = Debug|Any CPU
		{6A6F61E3-4B25-4967-82FC-2239F3B80A0E}.AppStore|x64.ActiveCfg = Debug|Any CPU
		{6A6F61E3-4B25-4967-82FC-2239F3B80A0E}.AppStore|x64.Build.0 = Debug|Any CPU
		{6A6F61E3-4B25-4967-82FC-2239F3B80A0E}.AppStore|x86.ActiveCfg = Debug|Any CPU
		{6A6F61E3-4B25-4967-82FC-2239F3B80A0E}.AppStore|x86.Build.0 = Debug|Any CPU
		{6A6F61E3-4B25-4967-82FC-2239F3B80A0E}.Debug|Any CPU.ActiveCfg = Debug|Any CPU
		{6A6F61E3-4B25-4967-82FC-2239F3B80A0E}.Debug|Any CPU.Build.0 = Debug|Any CPU
		{6A6F61E3-4B25-4967-82FC-2239F3B80A0E}.Debug|ARM.ActiveCfg = Debug|Any CPU
		{6A6F61E3-4B25-4967-82FC-2239F3B80A0E}.Debug|ARM.Build.0 = Debug|Any CPU
		{6A6F61E3-4B25-4967-82FC-2239F3B80A0E}.Debug|ARM64.ActiveCfg = Debug|Any CPU
		{6A6F61E3-4B25-4967-82FC-2239F3B80A0E}.Debug|ARM64.Build.0 = Debug|Any CPU
		{6A6F61E3-4B25-4967-82FC-2239F3B80A0E}.Debug|iPhone.ActiveCfg = Debug|Any CPU
		{6A6F61E3-4B25-4967-82FC-2239F3B80A0E}.Debug|iPhone.Build.0 = Debug|Any CPU
		{6A6F61E3-4B25-4967-82FC-2239F3B80A0E}.Debug|iPhoneSimulator.ActiveCfg = Debug|Any CPU
		{6A6F61E3-4B25-4967-82FC-2239F3B80A0E}.Debug|iPhoneSimulator.Build.0 = Debug|Any CPU
		{6A6F61E3-4B25-4967-82FC-2239F3B80A0E}.Debug|x64.ActiveCfg = Debug|Any CPU
		{6A6F61E3-4B25-4967-82FC-2239F3B80A0E}.Debug|x64.Build.0 = Debug|Any CPU
		{6A6F61E3-4B25-4967-82FC-2239F3B80A0E}.Debug|x86.ActiveCfg = Debug|Any CPU
		{6A6F61E3-4B25-4967-82FC-2239F3B80A0E}.Debug|x86.Build.0 = Debug|Any CPU
		{6A6F61E3-4B25-4967-82FC-2239F3B80A0E}.Release|Any CPU.ActiveCfg = Release|Any CPU
		{6A6F61E3-4B25-4967-82FC-2239F3B80A0E}.Release|Any CPU.Build.0 = Release|Any CPU
		{6A6F61E3-4B25-4967-82FC-2239F3B80A0E}.Release|ARM.ActiveCfg = Release|Any CPU
		{6A6F61E3-4B25-4967-82FC-2239F3B80A0E}.Release|ARM.Build.0 = Release|Any CPU
		{6A6F61E3-4B25-4967-82FC-2239F3B80A0E}.Release|ARM64.ActiveCfg = Release|Any CPU
		{6A6F61E3-4B25-4967-82FC-2239F3B80A0E}.Release|ARM64.Build.0 = Release|Any CPU
		{6A6F61E3-4B25-4967-82FC-2239F3B80A0E}.Release|iPhone.ActiveCfg = Release|Any CPU
		{6A6F61E3-4B25-4967-82FC-2239F3B80A0E}.Release|iPhone.Build.0 = Release|Any CPU
		{6A6F61E3-4B25-4967-82FC-2239F3B80A0E}.Release|iPhoneSimulator.ActiveCfg = Release|Any CPU
		{6A6F61E3-4B25-4967-82FC-2239F3B80A0E}.Release|iPhoneSimulator.Build.0 = Release|Any CPU
		{6A6F61E3-4B25-4967-82FC-2239F3B80A0E}.Release|x64.ActiveCfg = Release|Any CPU
		{6A6F61E3-4B25-4967-82FC-2239F3B80A0E}.Release|x64.Build.0 = Release|Any CPU
		{6A6F61E3-4B25-4967-82FC-2239F3B80A0E}.Release|x86.ActiveCfg = Release|Any CPU
		{6A6F61E3-4B25-4967-82FC-2239F3B80A0E}.Release|x86.Build.0 = Release|Any CPU
		{793FFFF1-A617-457C-B8DF-D18EB26F1312}.Ad-Hoc|Any CPU.ActiveCfg = Debug|Any CPU
		{793FFFF1-A617-457C-B8DF-D18EB26F1312}.Ad-Hoc|Any CPU.Build.0 = Debug|Any CPU
		{793FFFF1-A617-457C-B8DF-D18EB26F1312}.Ad-Hoc|ARM.ActiveCfg = Debug|Any CPU
		{793FFFF1-A617-457C-B8DF-D18EB26F1312}.Ad-Hoc|ARM.Build.0 = Debug|Any CPU
		{793FFFF1-A617-457C-B8DF-D18EB26F1312}.Ad-Hoc|ARM64.ActiveCfg = Debug|Any CPU
		{793FFFF1-A617-457C-B8DF-D18EB26F1312}.Ad-Hoc|ARM64.Build.0 = Debug|Any CPU
		{793FFFF1-A617-457C-B8DF-D18EB26F1312}.Ad-Hoc|iPhone.ActiveCfg = Debug|Any CPU
		{793FFFF1-A617-457C-B8DF-D18EB26F1312}.Ad-Hoc|iPhone.Build.0 = Debug|Any CPU
		{793FFFF1-A617-457C-B8DF-D18EB26F1312}.Ad-Hoc|iPhoneSimulator.ActiveCfg = Debug|Any CPU
		{793FFFF1-A617-457C-B8DF-D18EB26F1312}.Ad-Hoc|iPhoneSimulator.Build.0 = Debug|Any CPU
		{793FFFF1-A617-457C-B8DF-D18EB26F1312}.Ad-Hoc|x64.ActiveCfg = Debug|Any CPU
		{793FFFF1-A617-457C-B8DF-D18EB26F1312}.Ad-Hoc|x64.Build.0 = Debug|Any CPU
		{793FFFF1-A617-457C-B8DF-D18EB26F1312}.Ad-Hoc|x86.ActiveCfg = Debug|Any CPU
		{793FFFF1-A617-457C-B8DF-D18EB26F1312}.Ad-Hoc|x86.Build.0 = Debug|Any CPU
		{793FFFF1-A617-457C-B8DF-D18EB26F1312}.AppStore|Any CPU.ActiveCfg = Debug|Any CPU
		{793FFFF1-A617-457C-B8DF-D18EB26F1312}.AppStore|Any CPU.Build.0 = Debug|Any CPU
		{793FFFF1-A617-457C-B8DF-D18EB26F1312}.AppStore|ARM.ActiveCfg = Debug|Any CPU
		{793FFFF1-A617-457C-B8DF-D18EB26F1312}.AppStore|ARM.Build.0 = Debug|Any CPU
		{793FFFF1-A617-457C-B8DF-D18EB26F1312}.AppStore|ARM64.ActiveCfg = Debug|Any CPU
		{793FFFF1-A617-457C-B8DF-D18EB26F1312}.AppStore|ARM64.Build.0 = Debug|Any CPU
		{793FFFF1-A617-457C-B8DF-D18EB26F1312}.AppStore|iPhone.ActiveCfg = Debug|Any CPU
		{793FFFF1-A617-457C-B8DF-D18EB26F1312}.AppStore|iPhone.Build.0 = Debug|Any CPU
		{793FFFF1-A617-457C-B8DF-D18EB26F1312}.AppStore|iPhoneSimulator.ActiveCfg = Debug|Any CPU
		{793FFFF1-A617-457C-B8DF-D18EB26F1312}.AppStore|iPhoneSimulator.Build.0 = Debug|Any CPU
		{793FFFF1-A617-457C-B8DF-D18EB26F1312}.AppStore|x64.ActiveCfg = Debug|Any CPU
		{793FFFF1-A617-457C-B8DF-D18EB26F1312}.AppStore|x64.Build.0 = Debug|Any CPU
		{793FFFF1-A617-457C-B8DF-D18EB26F1312}.AppStore|x86.ActiveCfg = Debug|Any CPU
		{793FFFF1-A617-457C-B8DF-D18EB26F1312}.AppStore|x86.Build.0 = Debug|Any CPU
		{793FFFF1-A617-457C-B8DF-D18EB26F1312}.Debug|Any CPU.ActiveCfg = Debug|Any CPU
		{793FFFF1-A617-457C-B8DF-D18EB26F1312}.Debug|Any CPU.Build.0 = Debug|Any CPU
		{793FFFF1-A617-457C-B8DF-D18EB26F1312}.Debug|ARM.ActiveCfg = Debug|Any CPU
		{793FFFF1-A617-457C-B8DF-D18EB26F1312}.Debug|ARM.Build.0 = Debug|Any CPU
		{793FFFF1-A617-457C-B8DF-D18EB26F1312}.Debug|ARM64.ActiveCfg = Debug|Any CPU
		{793FFFF1-A617-457C-B8DF-D18EB26F1312}.Debug|ARM64.Build.0 = Debug|Any CPU
		{793FFFF1-A617-457C-B8DF-D18EB26F1312}.Debug|iPhone.ActiveCfg = Debug|Any CPU
		{793FFFF1-A617-457C-B8DF-D18EB26F1312}.Debug|iPhone.Build.0 = Debug|Any CPU
		{793FFFF1-A617-457C-B8DF-D18EB26F1312}.Debug|iPhoneSimulator.ActiveCfg = Debug|Any CPU
		{793FFFF1-A617-457C-B8DF-D18EB26F1312}.Debug|iPhoneSimulator.Build.0 = Debug|Any CPU
		{793FFFF1-A617-457C-B8DF-D18EB26F1312}.Debug|x64.ActiveCfg = Debug|Any CPU
		{793FFFF1-A617-457C-B8DF-D18EB26F1312}.Debug|x64.Build.0 = Debug|Any CPU
		{793FFFF1-A617-457C-B8DF-D18EB26F1312}.Debug|x86.ActiveCfg = Debug|Any CPU
		{793FFFF1-A617-457C-B8DF-D18EB26F1312}.Debug|x86.Build.0 = Debug|Any CPU
		{793FFFF1-A617-457C-B8DF-D18EB26F1312}.Release|Any CPU.ActiveCfg = Release|Any CPU
		{793FFFF1-A617-457C-B8DF-D18EB26F1312}.Release|Any CPU.Build.0 = Release|Any CPU
		{793FFFF1-A617-457C-B8DF-D18EB26F1312}.Release|ARM.ActiveCfg = Release|Any CPU
		{793FFFF1-A617-457C-B8DF-D18EB26F1312}.Release|ARM.Build.0 = Release|Any CPU
		{793FFFF1-A617-457C-B8DF-D18EB26F1312}.Release|ARM64.ActiveCfg = Release|Any CPU
		{793FFFF1-A617-457C-B8DF-D18EB26F1312}.Release|ARM64.Build.0 = Release|Any CPU
		{793FFFF1-A617-457C-B8DF-D18EB26F1312}.Release|iPhone.ActiveCfg = Release|Any CPU
		{793FFFF1-A617-457C-B8DF-D18EB26F1312}.Release|iPhone.Build.0 = Release|Any CPU
		{793FFFF1-A617-457C-B8DF-D18EB26F1312}.Release|iPhoneSimulator.ActiveCfg = Release|Any CPU
		{793FFFF1-A617-457C-B8DF-D18EB26F1312}.Release|iPhoneSimulator.Build.0 = Release|Any CPU
		{793FFFF1-A617-457C-B8DF-D18EB26F1312}.Release|x64.ActiveCfg = Release|Any CPU
		{793FFFF1-A617-457C-B8DF-D18EB26F1312}.Release|x64.Build.0 = Release|Any CPU
		{793FFFF1-A617-457C-B8DF-D18EB26F1312}.Release|x86.ActiveCfg = Release|Any CPU
		{793FFFF1-A617-457C-B8DF-D18EB26F1312}.Release|x86.Build.0 = Release|Any CPU
		{354AC6AC-AFD5-49D3-B022-976D7B1EBCD2}.Ad-Hoc|Any CPU.ActiveCfg = Debug|Any CPU
		{354AC6AC-AFD5-49D3-B022-976D7B1EBCD2}.Ad-Hoc|Any CPU.Build.0 = Debug|Any CPU
		{354AC6AC-AFD5-49D3-B022-976D7B1EBCD2}.Ad-Hoc|ARM.ActiveCfg = Debug|Any CPU
		{354AC6AC-AFD5-49D3-B022-976D7B1EBCD2}.Ad-Hoc|ARM.Build.0 = Debug|Any CPU
		{354AC6AC-AFD5-49D3-B022-976D7B1EBCD2}.Ad-Hoc|ARM64.ActiveCfg = Debug|Any CPU
		{354AC6AC-AFD5-49D3-B022-976D7B1EBCD2}.Ad-Hoc|ARM64.Build.0 = Debug|Any CPU
		{354AC6AC-AFD5-49D3-B022-976D7B1EBCD2}.Ad-Hoc|iPhone.ActiveCfg = Debug|Any CPU
		{354AC6AC-AFD5-49D3-B022-976D7B1EBCD2}.Ad-Hoc|iPhone.Build.0 = Debug|Any CPU
		{354AC6AC-AFD5-49D3-B022-976D7B1EBCD2}.Ad-Hoc|iPhoneSimulator.ActiveCfg = Debug|Any CPU
		{354AC6AC-AFD5-49D3-B022-976D7B1EBCD2}.Ad-Hoc|iPhoneSimulator.Build.0 = Debug|Any CPU
		{354AC6AC-AFD5-49D3-B022-976D7B1EBCD2}.Ad-Hoc|x64.ActiveCfg = Debug|Any CPU
		{354AC6AC-AFD5-49D3-B022-976D7B1EBCD2}.Ad-Hoc|x64.Build.0 = Debug|Any CPU
		{354AC6AC-AFD5-49D3-B022-976D7B1EBCD2}.Ad-Hoc|x86.ActiveCfg = Debug|Any CPU
		{354AC6AC-AFD5-49D3-B022-976D7B1EBCD2}.Ad-Hoc|x86.Build.0 = Debug|Any CPU
		{354AC6AC-AFD5-49D3-B022-976D7B1EBCD2}.AppStore|Any CPU.ActiveCfg = Debug|Any CPU
		{354AC6AC-AFD5-49D3-B022-976D7B1EBCD2}.AppStore|Any CPU.Build.0 = Debug|Any CPU
		{354AC6AC-AFD5-49D3-B022-976D7B1EBCD2}.AppStore|ARM.ActiveCfg = Debug|Any CPU
		{354AC6AC-AFD5-49D3-B022-976D7B1EBCD2}.AppStore|ARM.Build.0 = Debug|Any CPU
		{354AC6AC-AFD5-49D3-B022-976D7B1EBCD2}.AppStore|ARM64.ActiveCfg = Debug|Any CPU
		{354AC6AC-AFD5-49D3-B022-976D7B1EBCD2}.AppStore|ARM64.Build.0 = Debug|Any CPU
		{354AC6AC-AFD5-49D3-B022-976D7B1EBCD2}.AppStore|iPhone.ActiveCfg = Debug|Any CPU
		{354AC6AC-AFD5-49D3-B022-976D7B1EBCD2}.AppStore|iPhone.Build.0 = Debug|Any CPU
		{354AC6AC-AFD5-49D3-B022-976D7B1EBCD2}.AppStore|iPhoneSimulator.ActiveCfg = Debug|Any CPU
		{354AC6AC-AFD5-49D3-B022-976D7B1EBCD2}.AppStore|iPhoneSimulator.Build.0 = Debug|Any CPU
		{354AC6AC-AFD5-49D3-B022-976D7B1EBCD2}.AppStore|x64.ActiveCfg = Debug|Any CPU
		{354AC6AC-AFD5-49D3-B022-976D7B1EBCD2}.AppStore|x64.Build.0 = Debug|Any CPU
		{354AC6AC-AFD5-49D3-B022-976D7B1EBCD2}.AppStore|x86.ActiveCfg = Debug|Any CPU
		{354AC6AC-AFD5-49D3-B022-976D7B1EBCD2}.AppStore|x86.Build.0 = Debug|Any CPU
		{354AC6AC-AFD5-49D3-B022-976D7B1EBCD2}.Debug|Any CPU.ActiveCfg = Debug|Any CPU
		{354AC6AC-AFD5-49D3-B022-976D7B1EBCD2}.Debug|Any CPU.Build.0 = Debug|Any CPU
		{354AC6AC-AFD5-49D3-B022-976D7B1EBCD2}.Debug|ARM.ActiveCfg = Debug|Any CPU
		{354AC6AC-AFD5-49D3-B022-976D7B1EBCD2}.Debug|ARM.Build.0 = Debug|Any CPU
		{354AC6AC-AFD5-49D3-B022-976D7B1EBCD2}.Debug|ARM64.ActiveCfg = Debug|Any CPU
		{354AC6AC-AFD5-49D3-B022-976D7B1EBCD2}.Debug|ARM64.Build.0 = Debug|Any CPU
		{354AC6AC-AFD5-49D3-B022-976D7B1EBCD2}.Debug|iPhone.ActiveCfg = Debug|Any CPU
		{354AC6AC-AFD5-49D3-B022-976D7B1EBCD2}.Debug|iPhone.Build.0 = Debug|Any CPU
		{354AC6AC-AFD5-49D3-B022-976D7B1EBCD2}.Debug|iPhoneSimulator.ActiveCfg = Debug|Any CPU
		{354AC6AC-AFD5-49D3-B022-976D7B1EBCD2}.Debug|iPhoneSimulator.Build.0 = Debug|Any CPU
		{354AC6AC-AFD5-49D3-B022-976D7B1EBCD2}.Debug|x64.ActiveCfg = Debug|Any CPU
		{354AC6AC-AFD5-49D3-B022-976D7B1EBCD2}.Debug|x64.Build.0 = Debug|Any CPU
		{354AC6AC-AFD5-49D3-B022-976D7B1EBCD2}.Debug|x86.ActiveCfg = Debug|Any CPU
		{354AC6AC-AFD5-49D3-B022-976D7B1EBCD2}.Debug|x86.Build.0 = Debug|Any CPU
		{354AC6AC-AFD5-49D3-B022-976D7B1EBCD2}.Release|Any CPU.ActiveCfg = Release|Any CPU
		{354AC6AC-AFD5-49D3-B022-976D7B1EBCD2}.Release|Any CPU.Build.0 = Release|Any CPU
		{354AC6AC-AFD5-49D3-B022-976D7B1EBCD2}.Release|ARM.ActiveCfg = Release|Any CPU
		{354AC6AC-AFD5-49D3-B022-976D7B1EBCD2}.Release|ARM.Build.0 = Release|Any CPU
		{354AC6AC-AFD5-49D3-B022-976D7B1EBCD2}.Release|ARM64.ActiveCfg = Release|Any CPU
		{354AC6AC-AFD5-49D3-B022-976D7B1EBCD2}.Release|ARM64.Build.0 = Release|Any CPU
		{354AC6AC-AFD5-49D3-B022-976D7B1EBCD2}.Release|iPhone.ActiveCfg = Release|Any CPU
		{354AC6AC-AFD5-49D3-B022-976D7B1EBCD2}.Release|iPhone.Build.0 = Release|Any CPU
		{354AC6AC-AFD5-49D3-B022-976D7B1EBCD2}.Release|iPhoneSimulator.ActiveCfg = Release|Any CPU
		{354AC6AC-AFD5-49D3-B022-976D7B1EBCD2}.Release|iPhoneSimulator.Build.0 = Release|Any CPU
		{354AC6AC-AFD5-49D3-B022-976D7B1EBCD2}.Release|x64.ActiveCfg = Release|Any CPU
		{354AC6AC-AFD5-49D3-B022-976D7B1EBCD2}.Release|x64.Build.0 = Release|Any CPU
		{354AC6AC-AFD5-49D3-B022-976D7B1EBCD2}.Release|x86.ActiveCfg = Release|Any CPU
		{354AC6AC-AFD5-49D3-B022-976D7B1EBCD2}.Release|x86.Build.0 = Release|Any CPU
		{FA975984-C8B9-44FD-929F-F264D4E333D8}.Ad-Hoc|Any CPU.ActiveCfg = Debug|Any CPU
		{FA975984-C8B9-44FD-929F-F264D4E333D8}.Ad-Hoc|Any CPU.Build.0 = Debug|Any CPU
		{FA975984-C8B9-44FD-929F-F264D4E333D8}.Ad-Hoc|ARM.ActiveCfg = Debug|Any CPU
		{FA975984-C8B9-44FD-929F-F264D4E333D8}.Ad-Hoc|ARM.Build.0 = Debug|Any CPU
		{FA975984-C8B9-44FD-929F-F264D4E333D8}.Ad-Hoc|ARM64.ActiveCfg = Debug|Any CPU
		{FA975984-C8B9-44FD-929F-F264D4E333D8}.Ad-Hoc|ARM64.Build.0 = Debug|Any CPU
		{FA975984-C8B9-44FD-929F-F264D4E333D8}.Ad-Hoc|iPhone.ActiveCfg = Debug|Any CPU
		{FA975984-C8B9-44FD-929F-F264D4E333D8}.Ad-Hoc|iPhone.Build.0 = Debug|Any CPU
		{FA975984-C8B9-44FD-929F-F264D4E333D8}.Ad-Hoc|iPhoneSimulator.ActiveCfg = Debug|Any CPU
		{FA975984-C8B9-44FD-929F-F264D4E333D8}.Ad-Hoc|iPhoneSimulator.Build.0 = Debug|Any CPU
		{FA975984-C8B9-44FD-929F-F264D4E333D8}.Ad-Hoc|x64.ActiveCfg = Debug|Any CPU
		{FA975984-C8B9-44FD-929F-F264D4E333D8}.Ad-Hoc|x64.Build.0 = Debug|Any CPU
		{FA975984-C8B9-44FD-929F-F264D4E333D8}.Ad-Hoc|x86.ActiveCfg = Debug|Any CPU
		{FA975984-C8B9-44FD-929F-F264D4E333D8}.Ad-Hoc|x86.Build.0 = Debug|Any CPU
		{FA975984-C8B9-44FD-929F-F264D4E333D8}.AppStore|Any CPU.ActiveCfg = Debug|Any CPU
		{FA975984-C8B9-44FD-929F-F264D4E333D8}.AppStore|Any CPU.Build.0 = Debug|Any CPU
		{FA975984-C8B9-44FD-929F-F264D4E333D8}.AppStore|ARM.ActiveCfg = Debug|Any CPU
		{FA975984-C8B9-44FD-929F-F264D4E333D8}.AppStore|ARM.Build.0 = Debug|Any CPU
		{FA975984-C8B9-44FD-929F-F264D4E333D8}.AppStore|ARM64.ActiveCfg = Debug|Any CPU
		{FA975984-C8B9-44FD-929F-F264D4E333D8}.AppStore|ARM64.Build.0 = Debug|Any CPU
		{FA975984-C8B9-44FD-929F-F264D4E333D8}.AppStore|iPhone.ActiveCfg = Debug|Any CPU
		{FA975984-C8B9-44FD-929F-F264D4E333D8}.AppStore|iPhone.Build.0 = Debug|Any CPU
		{FA975984-C8B9-44FD-929F-F264D4E333D8}.AppStore|iPhoneSimulator.ActiveCfg = Debug|Any CPU
		{FA975984-C8B9-44FD-929F-F264D4E333D8}.AppStore|iPhoneSimulator.Build.0 = Debug|Any CPU
		{FA975984-C8B9-44FD-929F-F264D4E333D8}.AppStore|x64.ActiveCfg = Debug|Any CPU
		{FA975984-C8B9-44FD-929F-F264D4E333D8}.AppStore|x64.Build.0 = Debug|Any CPU
		{FA975984-C8B9-44FD-929F-F264D4E333D8}.AppStore|x86.ActiveCfg = Debug|Any CPU
		{FA975984-C8B9-44FD-929F-F264D4E333D8}.AppStore|x86.Build.0 = Debug|Any CPU
		{FA975984-C8B9-44FD-929F-F264D4E333D8}.Debug|Any CPU.ActiveCfg = Debug|Any CPU
		{FA975984-C8B9-44FD-929F-F264D4E333D8}.Debug|Any CPU.Build.0 = Debug|Any CPU
		{FA975984-C8B9-44FD-929F-F264D4E333D8}.Debug|ARM.ActiveCfg = Debug|Any CPU
		{FA975984-C8B9-44FD-929F-F264D4E333D8}.Debug|ARM.Build.0 = Debug|Any CPU
		{FA975984-C8B9-44FD-929F-F264D4E333D8}.Debug|ARM64.ActiveCfg = Debug|Any CPU
		{FA975984-C8B9-44FD-929F-F264D4E333D8}.Debug|ARM64.Build.0 = Debug|Any CPU
		{FA975984-C8B9-44FD-929F-F264D4E333D8}.Debug|iPhone.ActiveCfg = Debug|Any CPU
		{FA975984-C8B9-44FD-929F-F264D4E333D8}.Debug|iPhone.Build.0 = Debug|Any CPU
		{FA975984-C8B9-44FD-929F-F264D4E333D8}.Debug|iPhoneSimulator.ActiveCfg = Debug|Any CPU
		{FA975984-C8B9-44FD-929F-F264D4E333D8}.Debug|iPhoneSimulator.Build.0 = Debug|Any CPU
		{FA975984-C8B9-44FD-929F-F264D4E333D8}.Debug|x64.ActiveCfg = Debug|Any CPU
		{FA975984-C8B9-44FD-929F-F264D4E333D8}.Debug|x64.Build.0 = Debug|Any CPU
		{FA975984-C8B9-44FD-929F-F264D4E333D8}.Debug|x86.ActiveCfg = Debug|Any CPU
		{FA975984-C8B9-44FD-929F-F264D4E333D8}.Debug|x86.Build.0 = Debug|Any CPU
		{FA975984-C8B9-44FD-929F-F264D4E333D8}.Release|Any CPU.ActiveCfg = Release|Any CPU
		{FA975984-C8B9-44FD-929F-F264D4E333D8}.Release|Any CPU.Build.0 = Release|Any CPU
		{FA975984-C8B9-44FD-929F-F264D4E333D8}.Release|ARM.ActiveCfg = Release|Any CPU
		{FA975984-C8B9-44FD-929F-F264D4E333D8}.Release|ARM.Build.0 = Release|Any CPU
		{FA975984-C8B9-44FD-929F-F264D4E333D8}.Release|ARM64.ActiveCfg = Release|Any CPU
		{FA975984-C8B9-44FD-929F-F264D4E333D8}.Release|ARM64.Build.0 = Release|Any CPU
		{FA975984-C8B9-44FD-929F-F264D4E333D8}.Release|iPhone.ActiveCfg = Release|Any CPU
		{FA975984-C8B9-44FD-929F-F264D4E333D8}.Release|iPhone.Build.0 = Release|Any CPU
		{FA975984-C8B9-44FD-929F-F264D4E333D8}.Release|iPhoneSimulator.ActiveCfg = Release|Any CPU
		{FA975984-C8B9-44FD-929F-F264D4E333D8}.Release|iPhoneSimulator.Build.0 = Release|Any CPU
		{FA975984-C8B9-44FD-929F-F264D4E333D8}.Release|x64.ActiveCfg = Release|Any CPU
		{FA975984-C8B9-44FD-929F-F264D4E333D8}.Release|x64.Build.0 = Release|Any CPU
		{FA975984-C8B9-44FD-929F-F264D4E333D8}.Release|x86.ActiveCfg = Release|Any CPU
		{FA975984-C8B9-44FD-929F-F264D4E333D8}.Release|x86.Build.0 = Release|Any CPU
	EndGlobalSection
	GlobalSection(SolutionProperties) = preSolution
		HideSolutionNode = FALSE
	EndGlobalSection
	GlobalSection(NestedProjects) = preSolution
		{A944DE24-5379-4A98-B137-7D7E5ED2BF5F} = {09BC0C2F-EB34-4B14-8E9A-87C78F20AE53}
		{68F74DDF-3A46-468A-B9C3-5003624FB3F7} = {09BC0C2F-EB34-4B14-8E9A-87C78F20AE53}
		{C5AB9B44-5488-4A26-A733-A8521BBA95EB} = {09BC0C2F-EB34-4B14-8E9A-87C78F20AE53}
		{D7C3F1D1-C6A5-409C-BBA7-5579B925FC7B} = {09BC0C2F-EB34-4B14-8E9A-87C78F20AE53}
		{1F765165-83DB-44E8-B924-40DF3071AF0B} = {09BC0C2F-EB34-4B14-8E9A-87C78F20AE53}
		{87E2ED4C-EB4E-40B7-8D41-CF25EE410F26} = {09BC0C2F-EB34-4B14-8E9A-87C78F20AE53}
		{6A6F61E3-4B25-4967-82FC-2239F3B80A0E} = {09BC0C2F-EB34-4B14-8E9A-87C78F20AE53}
		{793FFFF1-A617-457C-B8DF-D18EB26F1312} = {09BC0C2F-EB34-4B14-8E9A-87C78F20AE53}
		{354AC6AC-AFD5-49D3-B022-976D7B1EBCD2} = {09BC0C2F-EB34-4B14-8E9A-87C78F20AE53}
	EndGlobalSection
	GlobalSection(ExtensibilityGlobals) = postSolution
		SolutionGuid = {8061AEA9-42B7-4E12-B0DA-4AC4BC81B48D}
	EndGlobalSection
EndGlobal
